
Microsoft Visual Studio Solution File, Format Version 12.00
# Visual Studio Version 16
VisualStudioVersion = 16.0.28729.10
MinimumVisualStudioVersion = 10.0.40219.1
Project("{9A19103F-16F7-4668-BE54-9A1E7A4F7556}") = "DestinyWishlister", "DestinyWishlister\DestinyWishlister.csproj", "{FA5D89F7-6EC1-4977-9B8E-0D1C8AB141E1}"
EndProject
Project("{FAE04EC0-301F-11D3-BF4B-00C04F79EFBC}") = "JsonDataCreator", "JsonDataCreator\JsonDataCreator.csproj", "{2E48BA8D-006E-4C45-BB9E-0F98A3D0414F}"
EndProject
Project("{FAE04EC0-301F-11D3-BF4B-00C04F79EFBC}") = "DestinyWishlisterModels", "DestinyWishlisterModels\DestinyWishlisterModels.csproj", "{D20EFAB1-3131-43D9-95B2-88A6DE59DEA9}"
EndProject
Global
	GlobalSection(SolutionConfigurationPlatforms) = preSolution
		Debug|Any CPU = Debug|Any CPU
		Release|Any CPU = Release|Any CPU
	EndGlobalSection
	GlobalSection(ProjectConfigurationPlatforms) = postSolution
		{FA5D89F7-6EC1-4977-9B8E-0D1C8AB141E1}.Debug|Any CPU.ActiveCfg = Debug|Any CPU
		{FA5D89F7-6EC1-4977-9B8E-0D1C8AB141E1}.Debug|Any CPU.Build.0 = Debug|Any CPU
		{FA5D89F7-6EC1-4977-9B8E-0D1C8AB141E1}.Release|Any CPU.ActiveCfg = Release|Any CPU
		{FA5D89F7-6EC1-4977-9B8E-0D1C8AB141E1}.Release|Any CPU.Build.0 = Release|Any CPU
		{2E48BA8D-006E-4C45-BB9E-0F98A3D0414F}.Debug|Any CPU.ActiveCfg = Debug|Any CPU
		{2E48BA8D-006E-4C45-BB9E-0F98A3D0414F}.Debug|Any CPU.Build.0 = Debug|Any CPU
		{2E48BA8D-006E-4C45-BB9E-0F98A3D0414F}.Release|Any CPU.ActiveCfg = Release|Any CPU
		{2E48BA8D-006E-4C45-BB9E-0F98A3D0414F}.Release|Any CPU.Build.0 = Release|Any CPU
		{D20EFAB1-3131-43D9-95B2-88A6DE59DEA9}.Debug|Any CPU.ActiveCfg = Debug|Any CPU
		{D20EFAB1-3131-43D9-95B2-88A6DE59DEA9}.Debug|Any CPU.Build.0 = Debug|Any CPU
		{D20EFAB1-3131-43D9-95B2-88A6DE59DEA9}.Release|Any CPU.ActiveCfg = Release|Any CPU
		{D20EFAB1-3131-43D9-95B2-88A6DE59DEA9}.Release|Any CPU.Build.0 = Release|Any CPU
	EndGlobalSection
	GlobalSection(SolutionProperties) = preSolution
		HideSolutionNode = FALSE
	EndGlobalSection
	GlobalSection(ExtensibilityGlobals) = postSolution
		SolutionGuid = {3E6C9093-A0B8-4887-BB61-3718589CE9E5}
	EndGlobalSection
EndGlobal
